Microsoft Visual Studio Solution File, Format Version 12.00
# Visual Studio Version 17
VisualStudioVersion = 17.5.2.0
MinimumVisualStudioVersion = 10.0.40219.1
Project("{FAE04EC0-301F-11D3-BF4B-00C04F79EFBC}") = "GeoTracker.Api", "backend\GeoTracker.Api\GeoTracker.Api.csproj", "{6B604EA0-FD95-20BF-734A-DA8C09750A14}"
EndProject
Global
	GlobalSection(SolutionConfigurationPlatforms) = preSolution
		Debug|Any CPU = Debug|Any CPU
		Release|Any CPU = Release|Any CPU
	EndGlobalSection
	GlobalSection(ProjectConfigurationPlatforms) = postSolution
		{6B604EA0-FD95-20BF-734A-DA8C09750A14}.Debug|Any CPU.ActiveCfg = Debug|Any CPU
		{6B604EA0-FD95-20BF-734A-DA8C09750A14}.Debug|Any CPU.Build.0 = Debug|Any CPU
		{6B604EA0-FD95-20BF-734A-DA8C09750A14}.Release|Any CPU.ActiveCfg = Release|Any CPU
		{6B604EA0-FD95-20BF-734A-DA8C09750A14}.Release|Any CPU.Build.0 = Release|Any CPU
	EndGlobalSection
	GlobalSection(SolutionProperties) = preSolution
		HideSolutionNode = FALSE
	EndGlobalSection
	GlobalSection(ExtensibilityGlobals) = postSolution
		SolutionGuid = {2331DDA4-C861-4841-8A4C-C3B531C8C042}
	EndGlobalSection
EndGlobal
